
Microsoft Visual Studio Solution File, Format Version 12.00
# Visual Studio Version 17
VisualStudioVersion = 17.7.34024.191
MinimumVisualStudioVersion = 10.0.40219.1
Project("{FAE04EC0-301F-11D3-BF4B-00C04F79EFBC}") = "WpfApp1", "WpfApp1\WpfApp1.csproj", "{EFC5AAAB-43E0-4F53-ADB7-477FE58B4A4E}"
EndProject
Global
	GlobalSection(SolutionConfigurationPlatforms) = preSolution
		Debug|Any CPU = Debug|Any CPU
		Release|Any CPU = Release|Any CPU
	EndGlobalSection
	GlobalSection(ProjectConfigurationPlatforms) = postSolution
		{EFC5AAAB-43E0-4F53-ADB7-477FE58B4A4E}.Debug|Any CPU.ActiveCfg = Debug|Any CPU
		{EFC5AAAB-43E0-4F53-ADB7-477FE58B4A4E}.Debug|Any CPU.Build.0 = Debug|Any CPU
		{EFC5AAAB-43E0-4F53-ADB7-477FE58B4A4E}.Release|Any CPU.ActiveCfg = Release|Any CPU
		{EFC5AAAB-43E0-4F53-ADB7-477FE58B4A4E}.Release|Any CPU.Build.0 = Release|Any CPU
	EndGlobalSection
	GlobalSection(SolutionProperties) = preSolution
		HideSolutionNode = FALSE
	EndGlobalSection
	GlobalSection(ExtensibilityGlobals) = postSolution
		SolutionGuid = {A427712E-9124-48F8-AF18-A5B5718BB215}
	EndGlobalSection
EndGlobal
